
Microsoft Visual Studio Solution File, Format Version 12.00
# Visual Studio Version 17
VisualStudioVersion = 17.0.32014.148
MinimumVisualStudioVersion = 10.0.40219.1
Project("{FAE04EC0-301F-11D3-BF4B-00C04F79EFBC}") = "Garage", "Garage\Garage.csproj", "{5AA01D2D-EBF5-45F6-B095-293F4742E50C}"
EndProject
Project("{2150E333-8FDC-42A3-9474-1A3956D46DE8}") = "Solution Items", "Solution Items", "{D9C945C6-405C-4346-9CAB-8C4324CE8DE5}"
EndProject
Global
	GlobalSection(SolutionConfigurationPlatforms) = preSolution
		Debug|Any CPU = Debug|Any CPU
		Release|Any CPU = Release|Any CPU
	EndGlobalSection
	GlobalSection(ProjectConfigurationPlatforms) = postSolution
		{5AA01D2D-EBF5-45F6-B095-293F4742E50C}.Debug|Any CPU.ActiveCfg = Debug|Any CPU
		{5AA01D2D-EBF5-45F6-B095-293F4742E50C}.Debug|Any CPU.Build.0 = Debug|Any CPU
		{5AA01D2D-EBF5-45F6-B095-293F4742E50C}.Release|Any CPU.ActiveCfg = Release|Any CPU
		{5AA01D2D-EBF5-45F6-B095-293F4742E50C}.Release|Any CPU.Build.0 = Release|Any CPU
	EndGlobalSection
	GlobalSection(SolutionProperties) = preSolution
		HideSolutionNode = FALSE
	EndGlobalSection
	GlobalSection(ExtensibilityGlobals) = postSolution
		SolutionGuid = {D16A6E01-58FF-4835-A8E2-E9419539507C}
	EndGlobalSection
EndGlobal
